
Microsoft Visual Studio Solution File, Format Version 12.00
# Visual Studio Version 17
VisualStudioVersion = 17.14.36121.58 d17.14
MinimumVisualStudioVersion = 10.0.40219.1
Project("{FAE04EC0-301F-11D3-BF4B-00C04F79EFBC}") = "DotNetCoreWebAPIAuthJWT", "DotNetCoreWebAPIAuthJWT.csproj", "{88F7DA2D-7DAF-41F4-B057-D957F61E67BF}"
EndProject
Global
	GlobalSection(SolutionConfigurationPlatforms) = preSolution
		Debug|Any CPU = Debug|Any CPU
		Release|Any CPU = Release|Any CPU
	EndGlobalSection
	GlobalSection(ProjectConfigurationPlatforms) = postSolution
		{88F7DA2D-7DAF-41F4-B057-D957F61E67BF}.Debug|Any CPU.ActiveCfg = Debug|Any CPU
		{88F7DA2D-7DAF-41F4-B057-D957F61E67BF}.Debug|Any CPU.Build.0 = Debug|Any CPU
		{88F7DA2D-7DAF-41F4-B057-D957F61E67BF}.Release|Any CPU.ActiveCfg = Release|Any CPU
		{88F7DA2D-7DAF-41F4-B057-D957F61E67BF}.Release|Any CPU.Build.0 = Release|Any CPU
	EndGlobalSection
	GlobalSection(SolutionProperties) = preSolution
		HideSolutionNode = FALSE
	EndGlobalSection
	GlobalSection(ExtensibilityGlobals) = postSolution
		SolutionGuid = {85B1B6B3-2860-4909-A032-618E979DA93B}
	EndGlobalSection
EndGlobal
